
Microsoft Visual Studio Solution File, Format Version 12.00
# Visual Studio 15
VisualStudioVersion = 15.0.28307.1062
MinimumVisualStudioVersion = 10.0.40219.1
Project("{FAE04EC0-301F-11D3-BF4B-00C04F79EFBC}") = "ООП 2", "ООП 2\ООП 2.csproj", "{8FC190D1-E49E-4FAA-BDF5-01FB351BF004}"
EndProject
Global
	GlobalSection(SolutionConfigurationPlatforms) = preSolution
		Debug|Any CPU = Debug|Any CPU
		Release|Any CPU = Release|Any CPU
	EndGlobalSection
	GlobalSection(ProjectConfigurationPlatforms) = postSolution
		{8FC190D1-E49E-4FAA-BDF5-01FB351BF004}.Debug|Any CPU.ActiveCfg = Debug|Any CPU
		{8FC190D1-E49E-4FAA-BDF5-01FB351BF004}.Debug|Any CPU.Build.0 = Debug|Any CPU
		{8FC190D1-E49E-4FAA-BDF5-01FB351BF004}.Release|Any CPU.ActiveCfg = Release|Any CPU
		{8FC190D1-E49E-4FAA-BDF5-01FB351BF004}.Release|Any CPU.Build.0 = Release|Any CPU
	EndGlobalSection
	GlobalSection(SolutionProperties) = preSolution
		HideSolutionNode = FALSE
	EndGlobalSection
	GlobalSection(ExtensibilityGlobals) = postSolution
		SolutionGuid = {655C454C-5971-4E15-8167-1A1E7E0746F3}
	EndGlobalSection
EndGlobal
